
Microsoft Visual Studio Solution File, Format Version 12.00
# Visual Studio 15
VisualStudioVersion = 15.0.28010.2016
MinimumVisualStudioVersion = 10.0.40219.1
Project("{FAE04EC0-301F-11D3-BF4B-00C04F79EFBC}") = "UILayer", "ODEON_Event_Management\UILayer.csproj", "{B6B1D14E-ADEB-445D-B4FE-46577F3F440A}"
EndProject
Project("{FAE04EC0-301F-11D3-BF4B-00C04F79EFBC}") = "ApplicationLayer", "ApplicationLayer\ApplicationLayer.csproj", "{8375F961-0755-4D5F-83D4-6C14620838D9}"
EndProject
Project("{FAE04EC0-301F-11D3-BF4B-00C04F79EFBC}") = "DomainLayer", "DomainLayer\DomainLayer.csproj", "{F6EFE005-F6D8-405F-9B15-7F211D7FD5F7}"
EndProject
Global
	GlobalSection(SolutionConfigurationPlatforms) = preSolution
		Debug|Any CPU = Debug|Any CPU
		Release|Any CPU = Release|Any CPU
	EndGlobalSection
	GlobalSection(ProjectConfigurationPlatforms) = postSolution
		{B6B1D14E-ADEB-445D-B4FE-46577F3F440A}.Debug|Any CPU.ActiveCfg = Debug|Any CPU
		{B6B1D14E-ADEB-445D-B4FE-46577F3F440A}.Debug|Any CPU.Build.0 = Debug|Any CPU
		{B6B1D14E-ADEB-445D-B4FE-46577F3F440A}.Release|Any CPU.ActiveCfg = Release|Any CPU
		{B6B1D14E-ADEB-445D-B4FE-46577F3F440A}.Release|Any CPU.Build.0 = Release|Any CPU
		{8375F961-0755-4D5F-83D4-6C14620838D9}.Debug|Any CPU.ActiveCfg = Debug|Any CPU
		{8375F961-0755-4D5F-83D4-6C14620838D9}.Debug|Any CPU.Build.0 = Debug|Any CPU
		{8375F961-0755-4D5F-83D4-6C14620838D9}.Release|Any CPU.ActiveCfg = Release|Any CPU
		{8375F961-0755-4D5F-83D4-6C14620838D9}.Release|Any CPU.Build.0 = Release|Any CPU
		{F6EFE005-F6D8-405F-9B15-7F211D7FD5F7}.Debug|Any CPU.ActiveCfg = Debug|Any CPU
		{F6EFE005-F6D8-405F-9B15-7F211D7FD5F7}.Debug|Any CPU.Build.0 = Debug|Any CPU
		{F6EFE005-F6D8-405F-9B15-7F211D7FD5F7}.Release|Any CPU.ActiveCfg = Release|Any CPU
		{F6EFE005-F6D8-405F-9B15-7F211D7FD5F7}.Release|Any CPU.Build.0 = Release|Any CPU
	EndGlobalSection
	GlobalSection(SolutionProperties) = preSolution
		HideSolutionNode = FALSE
	EndGlobalSection
	GlobalSection(ExtensibilityGlobals) = postSolution
		SolutionGuid = {86366318-7E8D-45A1-A14E-3DB52750841A}
	EndGlobalSection
EndGlobal
